Microsoft Visual Studio Solution File, Format Version 12.00
# Visual Studio Version 17
VisualStudioVersion = 17.5.2.0
MinimumVisualStudioVersion = 10.0.40219.1
Project("{FAE04EC0-301F-11D3-BF4B-00C04F79EFBC}") = "AzureMonitorMigrator", "AzureMonitorMigrator.csproj", "{78CED3EB-F438-39D5-98DB-A3FB5CC6B98F}"
EndProject
Global
	GlobalSection(SolutionConfigurationPlatforms) = preSolution
		Debug|Any CPU = Debug|Any CPU
		Release|Any CPU = Release|Any CPU
	EndGlobalSection
	GlobalSection(ProjectConfigurationPlatforms) = postSolution
		{78CED3EB-F438-39D5-98DB-A3FB5CC6B98F}.Debug|Any CPU.ActiveCfg = Debug|Any CPU
		{78CED3EB-F438-39D5-98DB-A3FB5CC6B98F}.Debug|Any CPU.Build.0 = Debug|Any CPU
		{78CED3EB-F438-39D5-98DB-A3FB5CC6B98F}.Release|Any CPU.ActiveCfg = Release|Any CPU
		{78CED3EB-F438-39D5-98DB-A3FB5CC6B98F}.Release|Any CPU.Build.0 = Release|Any CPU
	EndGlobalSection
	GlobalSection(SolutionProperties) = preSolution
		HideSolutionNode = FALSE
	EndGlobalSection
	GlobalSection(ExtensibilityGlobals) = postSolution
		SolutionGuid = {3C7236C1-FA79-40F3-97E3-206350A77513}
	EndGlobalSection
EndGlobal
